
Microsoft Visual Studio Solution File, Format Version 12.00
# Visual Studio Version 16
VisualStudioVersion = 16.0.30611.23
MinimumVisualStudioVersion = 10.0.40219.1
Project("{9A19103F-16F7-4668-BE54-9A1E7A4F7556}") = "KampIntro", "KampIntro\KampIntro.csproj", "{D533F199-5F46-439F-86B5-8C75AFD61FB4}"
EndProject
Project("{9A19103F-16F7-4668-BE54-9A1E7A4F7556}") = "Donguler", "Donguler\Donguler.csproj", "{443CC966-7E5D-42C9-A6CA-7E9417262E67}"
EndProject
Project("{9A19103F-16F7-4668-BE54-9A1E7A4F7556}") = "ClassIntro", "ClassIntro\ClassIntro.csproj", "{414DF7F6-7C64-4CA6-88EB-DBA076B73C21}"
EndProject
Project("{9A19103F-16F7-4668-BE54-9A1E7A4F7556}") = "Metotlar", "Metodlar\Metotlar.csproj", "{44C4DC3A-3DF4-4661-A0A2-D6998265355C}"
EndProject
Project("{9A19103F-16F7-4668-BE54-9A1E7A4F7556}") = "Matematik", "Matematik\Matematik.csproj", "{697350BD-F525-44FA-AC74-B171029C0A2E}"
EndProject
Project("{9A19103F-16F7-4668-BE54-9A1E7A4F7556}") = "DegerVeReferansTipler", "DegerVeReferansTipler\DegerVeReferansTipler.csproj", "{C006A4F5-F563-415B-ACE0-DBDEA659436C}"
EndProject
Project("{9A19103F-16F7-4668-BE54-9A1E7A4F7556}") = "OOP1", "OOP1\OOP1.csproj", "{48214C86-4486-4BA6-AAF1-71FBE7D4BDCB}"
EndProject
Project("{9A19103F-16F7-4668-BE54-9A1E7A4F7556}") = "Koleksiyonlar", "Koleksiyonlar\Koleksiyonlar.csproj", "{315A74AA-E001-4890-A42D-72F3CE10AE13}"
EndProject
Project("{9A19103F-16F7-4668-BE54-9A1E7A4F7556}") = "GenericsIntro", "GenericsIntro\GenericsIntro.csproj", "{005C02AF-D98E-43D2-AA8D-88FAC2D3E9E4}"
EndProject
Project("{9A19103F-16F7-4668-BE54-9A1E7A4F7556}") = "OOP2", "OOP2\OOP2.csproj", "{751CF0C6-9020-477E-AA8A-2657DEE75722}"
EndProject
Project("{9A19103F-16F7-4668-BE54-9A1E7A4F7556}") = "OOP3", "OOP3\OOP3.csproj", "{4083C197-9D17-4567-BB2C-61FE67297951}"
EndProject
Project("{9A19103F-16F7-4668-BE54-9A1E7A4F7556}") = "GameProject", "GameProject\GameProject.csproj", "{A8D5AA5E-F349-4CB1-9F2F-39F9966EE58D}"
EndProject
Project("{FAE04EC0-301F-11D3-BF4B-00C04F79EFBC}") = "Attributes", "Attributes\Attributes.csproj", "{1EB39D5E-6965-4D4E-9619-654CCDB97AC2}"
EndProject
Project("{FAE04EC0-301F-11D3-BF4B-00C04F79EFBC}") = "Replection", "Replection\Replection.csproj", "{046F6FDA-ACFD-43B8-9F1B-EF8F9CC3A971}"
EndProject
Project("{FAE04EC0-301F-11D3-BF4B-00C04F79EFBC}") = "Delegates", "Delegates\Delegates.csproj", "{71817F13-5395-46F7-B434-82E18CF3C4AF}"
EndProject
Project("{FAE04EC0-301F-11D3-BF4B-00C04F79EFBC}") = "Events", "Events\Events.csproj", "{020DFB1F-1D70-4D1F-9108-2961525670C5}"
EndProject
Global
	GlobalSection(SolutionConfigurationPlatforms) = preSolution
		Debug|Any CPU = Debug|Any CPU
		Release|Any CPU = Release|Any CPU
	EndGlobalSection
	GlobalSection(ProjectConfigurationPlatforms) = postSolution
		{D533F199-5F46-439F-86B5-8C75AFD61FB4}.Debug|Any CPU.ActiveCfg = Debug|Any CPU
		{D533F199-5F46-439F-86B5-8C75AFD61FB4}.Debug|Any CPU.Build.0 = Debug|Any CPU
		{D533F199-5F46-439F-86B5-8C75AFD61FB4}.Release|Any CPU.ActiveCfg = Release|Any CPU
		{D533F199-5F46-439F-86B5-8C75AFD61FB4}.Release|Any CPU.Build.0 = Release|Any CPU
		{443CC966-7E5D-42C9-A6CA-7E9417262E67}.Debug|Any CPU.ActiveCfg = Debug|Any CPU
		{443CC966-7E5D-42C9-A6CA-7E9417262E67}.Debug|Any CPU.Build.0 = Debug|Any CPU
		{443CC966-7E5D-42C9-A6CA-7E9417262E67}.Release|Any CPU.ActiveCfg = Release|Any CPU
		{443CC966-7E5D-42C9-A6CA-7E9417262E67}.Release|Any CPU.Build.0 = Release|Any CPU
		{414DF7F6-7C64-4CA6-88EB-DBA076B73C21}.Debug|Any CPU.ActiveCfg = Debug|Any CPU
		{414DF7F6-7C64-4CA6-88EB-DBA076B73C21}.Debug|Any CPU.Build.0 = Debug|Any CPU
		{414DF7F6-7C64-4CA6-88EB-DBA076B73C21}.Release|Any CPU.ActiveCfg = Release|Any CPU
		{414DF7F6-7C64-4CA6-88EB-DBA076B73C21}.Release|Any CPU.Build.0 = Release|Any CPU
		{44C4DC3A-3DF4-4661-A0A2-D6998265355C}.Debug|Any CPU.ActiveCfg = Debug|Any CPU
		{44C4DC3A-3DF4-4661-A0A2-D6998265355C}.Debug|Any CPU.Build.0 = Debug|Any CPU
		{44C4DC3A-3DF4-4661-A0A2-D6998265355C}.Release|Any CPU.ActiveCfg = Release|Any CPU
		{44C4DC3A-3DF4-4661-A0A2-D6998265355C}.Release|Any CPU.Build.0 = Release|Any CPU
		{697350BD-F525-44FA-AC74-B171029C0A2E}.Debug|Any CPU.ActiveCfg = Debug|Any CPU
		{697350BD-F525-44FA-AC74-B171029C0A2E}.Debug|Any CPU.Build.0 = Debug|Any CPU
		{697350BD-F525-44FA-AC74-B171029C0A2E}.Release|Any CPU.ActiveCfg = Release|Any CPU
		{697350BD-F525-44FA-AC74-B171029C0A2E}.Release|Any CPU.Build.0 = Release|Any CPU
		{C006A4F5-F563-415B-ACE0-DBDEA659436C}.Debug|Any CPU.ActiveCfg = Debug|Any CPU
		{C006A4F5-F563-415B-ACE0-DBDEA659436C}.Debug|Any CPU.Build.0 = Debug|Any CPU
		{C006A4F5-F563-415B-ACE0-DBDEA659436C}.Release|Any CPU.ActiveCfg = Release|Any CPU
		{C006A4F5-F563-415B-ACE0-DBDEA659436C}.Release|Any CPU.Build.0 = Release|Any CPU
		{48214C86-4486-4BA6-AAF1-71FBE7D4BDCB}.Debug|Any CPU.ActiveCfg = Debug|Any CPU
		{48214C86-4486-4BA6-AAF1-71FBE7D4BDCB}.Debug|Any CPU.Build.0 = Debug|Any CPU
		{48214C86-4486-4BA6-AAF1-71FBE7D4BDCB}.Release|Any CPU.ActiveCfg = Release|Any CPU
		{48214C86-4486-4BA6-AAF1-71FBE7D4BDCB}.Release|Any CPU.Build.0 = Release|Any CPU
		{315A74AA-E001-4890-A42D-72F3CE10AE13}.Debug|Any CPU.ActiveCfg = Debug|Any CPU
		{315A74AA-E001-4890-A42D-72F3CE10AE13}.Debug|Any CPU.Build.0 = Debug|Any CPU
		{315A74AA-E001-4890-A42D-72F3CE10AE13}.Release|Any CPU.ActiveCfg = Release|Any CPU
		{315A74AA-E001-4890-A42D-72F3CE10AE13}.Release|Any CPU.Build.0 = Release|Any CPU
		{005C02AF-D98E-43D2-AA8D-88FAC2D3E9E4}.Debug|Any CPU.ActiveCfg = Debug|Any CPU
		{005C02AF-D98E-43D2-AA8D-88FAC2D3E9E4}.Debug|Any CPU.Build.0 = Debug|Any CPU
		{005C02AF-D98E-43D2-AA8D-88FAC2D3E9E4}.Release|Any CPU.ActiveCfg = Release|Any CPU
		{005C02AF-D98E-43D2-AA8D-88FAC2D3E9E4}.Release|Any CPU.Build.0 = Release|Any CPU
		{751CF0C6-9020-477E-AA8A-2657DEE75722}.Debug|Any CPU.ActiveCfg = Debug|Any CPU
		{751CF0C6-9020-477E-AA8A-2657DEE75722}.Debug|Any CPU.Build.0 = Debug|Any CPU
		{751CF0C6-9020-477E-AA8A-2657DEE75722}.Release|Any CPU.ActiveCfg = Release|Any CPU
		{751CF0C6-9020-477E-AA8A-2657DEE75722}.Release|Any CPU.Build.0 = Release|Any CPU
		{4083C197-9D17-4567-BB2C-61FE67297951}.Debug|Any CPU.ActiveCfg = Debug|Any CPU
		{4083C197-9D17-4567-BB2C-61FE67297951}.Debug|Any CPU.Build.0 = Debug|Any CPU
		{4083C197-9D17-4567-BB2C-61FE67297951}.Release|Any CPU.ActiveCfg = Release|Any CPU
		{4083C197-9D17-4567-BB2C-61FE67297951}.Release|Any CPU.Build.0 = Release|Any CPU
		{A8D5AA5E-F349-4CB1-9F2F-39F9966EE58D}.Debug|Any CPU.ActiveCfg = Debug|Any CPU
		{A8D5AA5E-F349-4CB1-9F2F-39F9966EE58D}.Debug|Any CPU.Build.0 = Debug|Any CPU
		{A8D5AA5E-F349-4CB1-9F2F-39F9966EE58D}.Release|Any CPU.ActiveCfg = Release|Any CPU
		{A8D5AA5E-F349-4CB1-9F2F-39F9966EE58D}.Release|Any CPU.Build.0 = Release|Any CPU
		{1EB39D5E-6965-4D4E-9619-654CCDB97AC2}.Debug|Any CPU.ActiveCfg = Debug|Any CPU
		{1EB39D5E-6965-4D4E-9619-654CCDB97AC2}.Debug|Any CPU.Build.0 = Debug|Any CPU
		{1EB39D5E-6965-4D4E-9619-654CCDB97AC2}.Release|Any CPU.ActiveCfg = Release|Any CPU
		{1EB39D5E-6965-4D4E-9619-654CCDB97AC2}.Release|Any CPU.Build.0 = Release|Any CPU
		{046F6FDA-ACFD-43B8-9F1B-EF8F9CC3A971}.Debug|Any CPU.ActiveCfg = Debug|Any CPU
		{046F6FDA-ACFD-43B8-9F1B-EF8F9CC3A971}.Debug|Any CPU.Build.0 = Debug|Any CPU
		{046F6FDA-ACFD-43B8-9F1B-EF8F9CC3A971}.Release|Any CPU.ActiveCfg = Release|Any CPU
		{046F6FDA-ACFD-43B8-9F1B-EF8F9CC3A971}.Release|Any CPU.Build.0 = Release|Any CPU
		{71817F13-5395-46F7-B434-82E18CF3C4AF}.Debug|Any CPU.ActiveCfg = Debug|Any CPU
		{71817F13-5395-46F7-B434-82E18CF3C4AF}.Debug|Any CPU.Build.0 = Debug|Any CPU
		{71817F13-5395-46F7-B434-82E18CF3C4AF}.Release|Any CPU.ActiveCfg = Release|Any CPU
		{71817F13-5395-46F7-B434-82E18CF3C4AF}.Release|Any CPU.Build.0 = Release|Any CPU
		{020DFB1F-1D70-4D1F-9108-2961525670C5}.Debug|Any CPU.ActiveCfg = Debug|Any CPU
		{020DFB1F-1D70-4D1F-9108-2961525670C5}.Debug|Any CPU.Build.0 = Debug|Any CPU
		{020DFB1F-1D70-4D1F-9108-2961525670C5}.Release|Any CPU.ActiveCfg = Release|Any CPU
		{020DFB1F-1D70-4D1F-9108-2961525670C5}.Release|Any CPU.Build.0 = Release|Any CPU
	EndGlobalSection
	GlobalSection(SolutionProperties) = preSolution
		HideSolutionNode = FALSE
	EndGlobalSection
	GlobalSection(ExtensibilityGlobals) = postSolution
		SolutionGuid = {ED8BC88C-FB9C-4382-B677-017363211F55}
	EndGlobalSection
EndGlobal
